// !$*UTF8*$!
{
	archiveVersion = 1;
	classes = {
	};
	objectVersion = 48;
	objects = {

/* Begin PBXBuildFile section */
		65B3A8AC1FD99FF100C354FA /* AppDelegate.swift in Sources */ = {isa = PBXBuildFile; fileRef = 65B3A8AB1FD99FF100C354FA /* AppDelegate.swift */; };
		65B3A8AE1FD99FF100C354FA /* ViewController.swift in Sources */ = {isa = PBXBuildFile; fileRef = 65B3A8AD1FD99FF100C354FA /* ViewController.swift */; };
		65B3A8B11FD99FF100C354FA /* Main.storyboard in Resources */ = {isa = PBXBuildFile; fileRef = 65B3A8AF1FD99FF100C354FA /* Main.storyboard */; };
		65B3A8B31FD99FF100C354FA /* Assets.xcassets in Resources */ = {isa = PBXBuildFile; fileRef = 65B3A8B21FD99FF100C354FA /* Assets.xcassets */; };
		65B3A8B61FD99FF100C354FA /* LaunchScreen.storyboard in Resources */ = {isa = PBXBuildFile; fileRef = 65B3A8B41FD99FF100C354FA /* LaunchScreen.storyboard */; };
		65B3A8C11FD99FF100C354FA /* GitHubTestTests.swift in Sources */ = {isa = PBXBuildFile; fileRef = 65B3A8C01FD99FF100C354FA /* GitHubTestTests.swift */; };
		65B3A8CC1FD99FF100C354FA /* GitHubTestUITests.swift in Sources */ = {isa = PBXBuildFile; fileRef = 65B3A8CB1FD99FF100C354FA /* GitHubTestUITests.swift */; };
/* End PBXBuildFile section */

/* Begin PBXContainerItemProxy section */
		65B3A8BD1FD99FF100C354FA /* PBXContainerItemProxy */ = {
			isa = PBXContainerItemProxy;
			containerPortal = 65B3A8A01FD99FF100C354FA /* Project object */;
			proxyType = 1;
			remoteGlobalIDString = 65B3A8A71FD99FF100C354FA;
			remoteInfo = GitHubTest;
		};
		65B3A8C81FD99FF100C354FA /* PBXContainerItemProxy */ = {
			isa = PBXContainerItemProxy;
			containerPortal = 65B3A8A01FD99FF100C354FA /* Project object */;
			proxyType = 1;
			remoteGlobalIDString = 65B3A8A71FD99FF100C354FA;
			remoteInfo = GitHubTest;
		};
/* End PBXContainerItemProxy section */

/* Begin PBXFileReference section */
		65B3A8A81FD99FF100C354FA /* GitHubTest.app */ = {isa = PBXFileReference; explicitFileType = wrapper.application; includeInIndex = 0; path = GitHubTest.app; sourceTree = BUILT_PRODUCTS_DIR; };
		65B3A8AB1FD99FF100C354FA /* AppDelegate.swift */ = {isa = PBXFileReference; lastKnownFileType = sourcecode.swift; path = AppDelegate.swift; sourceTree = "<group>"; };
		65B3A8AD1FD99FF100C354FA /* ViewController.swift */ = {isa = PBXFileReference; lastKnownFileType = sourcecode.swift; path = ViewController.swift; sourceTree = "<group>"; };
		65B3A8B01FD99FF100C354FA /* Base */ = {isa = PBXFileReference; lastKnownFileType = file.storyboard; name = Base; path = Base.lproj/Main.storyboard; sourceTree = "<group>"; };
		65B3A8B21FD99FF100C354FA /* Assets.xcassets */ = {isa = PBXFileReference; lastKnownFileType = folder.assetcatalog; path = Assets.xcassets; sourceTree = "<group>"; };
		65B3A8B51FD99FF100C354FA /* Base */ = {isa = PBXFileReference; lastKnownFileType = file.storyboard; name = Base; path = Base.lproj/LaunchScreen.storyboard; sourceTree = "<group>"; };
		65B3A8B71FD99FF100C354FA /* Info.plist */ = {isa = PBXFileReference; lastKnownFileType = text.plist.xml; path = Info.plist; sourceTree = "<group>"; };
		65B3A8BC1FD99FF100C354FA /* GitHubTestTests.xctest */ = {isa = PBXFileReference; explicitFileType = wrapper.cfbundle; includeInIndex = 0; path = GitHubTestTests.xctest; sourceTree = BUILT_PRODUCTS_DIR; };
		65B3A8C01FD99FF100C354FA /* GitHubTestTests.swift */ = {isa = PBXFileReference; lastKnownFileType = sourcecode.swift; path = GitHubTestTests.swift; sourceTree = "<group>"; };
		65B3A8C21FD99FF100C354FA /* Info.plist */ = {isa = PBXFileReference; lastKnownFileType = text.plist.xml; path = Info.plist; sourceTree = "<group>"; };
		65B3A8C71FD99FF100C354FA /* GitHubTestUITests.xctest */ = {isa = PBXFileReference; explicitFileType = wrapper.cfbundle; includeInIndex = 0; path = GitHubTestUITests.xctest; sourceTree = BUILT_PRODUCTS_DIR; };
		65B3A8CB1FD99FF100C354FA /* GitHubTestUITests.swift */ = {isa = PBXFileReference; lastKnownFileType = sourcecode.swift; path = GitHubTestUITests.swift; sourceTree = "<group>"; };
		65B3A8CD1FD99FF100C354FA /* Info.plist */ = {isa = PBXFileReference; lastKnownFileType = text.plist.xml; path = Info.plist; sourceTree = "<group>"; };
/* End PBXFileReference section */

/* Begin PBXFrameworksBuildPhase section */
		65B3A8A51FD99FF100C354FA /* Frameworks */ = {
			isa = PBXFrameworksBuildPhase;
			buildActionMask = 2147483647;
			files = (
			);
			runOnlyForDeploymentPostprocessing = 0;
		};
		65B3A8B91FD99FF100C354FA /* Frameworks */ = {
			isa = PBXFrameworksBuildPhase;
			buildActionMask = 2147483647;
			files = (
			);
			runOnlyForDeploymentPostprocessing = 0;
		};
		65B3A8C41FD99FF100C354FA /* Frameworks */ = {
			isa = PBXFrameworksBuildPhase;
			buildActionMask = 2147483647;
			files = (
			);
			runOnlyForDeploymentPostprocessing = 0;
		};
/* End PBXFrameworksBuildPhase section */

/* Begin PBXGroup section */
		65B3A89F1FD99FF100C354FA = {
			isa = PBXGroup;
			children = (
				65B3A8AA1FD99FF100C354FA /* GitHubTest */,
				65B3A8BF1FD99FF100C354FA /* GitHubTestTests */,
				65B3A8CA1FD99FF100C354FA /* GitHubTestUITests */,
				65B3A8A91FD99FF100C354FA /* Products */,
			);
			sourceTree = "<group>";
		};
		65B3A8A91FD99FF100C354FA /* Products */ = {
			isa = PBXGroup;
			children = (
				65B3A8A81FD99FF100C354FA /* GitHubTest.app */,
				65B3A8BC1FD99FF100C354FA /* GitHubTestTests.xctest */,
				65B3A8C71FD99FF100C354FA /* GitHubTestUITests.xctest */,
			);
			name = Products;
			sourceTree = "<group>";
		};
		65B3A8AA1FD99FF100C354FA /* GitHubTest */ = {
			isa = PBXGroup;
			children = (
				65B3A8AB1FD99FF100C354FA /* AppDelegate.swift */,
				65B3A8AD1FD99FF100C354FA /* ViewController.swift */,
				65B3A8AF1FD99FF100C354FA /* Main.storyboard */,
				65B3A8B21FD99FF100C354FA /* Assets.xcassets */,
				65B3A8B41FD99FF100C354FA /* LaunchScreen.storyboard */,
				65B3A8B71FD99FF100C354FA /* Info.plist */,
			);
			path = GitHubTest;
			sourceTree = "<group>";
		};
		65B3A8BF1FD99FF100C354FA /* GitHubTestTests */ = {
			isa = PBXGroup;
			children = (
				65B3A8C01FD99FF100C354FA /* GitHubTestTests.swift */,
				65B3A8C21FD99FF100C354FA /* Info.plist */,
			);
			path = GitHubTestTests;
			sourceTree = "<group>";
		};
		65B3A8CA1FD99FF100C354FA /* GitHubTestUITests */ = {
			isa = PBXGroup;
			children = (
				65B3A8CB1FD99FF100C354FA /* GitHubTestUITests.swift */,
				65B3A8CD1FD99FF100C354FA /* Info.plist */,
			);
			path = GitHubTestUITests;
			sourceTree = "<group>";
		};
/* End PBXGroup section */

/* Begin PBXNativeTarget section */
		65B3A8A71FD99FF100C354FA /* GitHubTest */ = {
			isa = PBXNativeTarget;
			buildConfigurationList = 65B3A8D01FD99FF100C354FA /* Build configuration list for PBXNativeTarget "GitHubTest" */;
			buildPhases = (
				65B3A8A41FD99FF100C354FA /* Sources */,
				65B3A8A51FD99FF100C354FA /* Frameworks */,
				65B3A8A61FD99FF100C354FA /* Resources */,
			);
			buildRules = (
			);
			dependencies = (
			);
			name = GitHubTest;
			productName = GitHubTest;
			productReference = 65B3A8A81FD99FF100C354FA /* GitHubTest.app */;
			productType = "com.apple.product-type.application";
		};
		65B3A8BB1FD99FF100C354FA /* GitHubTestTests */ = {
			isa = PBXNativeTarget;
			buildConfigurationList = 65B3A8D31FD99FF100C354FA /* Build configuration list for PBXNativeTarget "GitHubTestTests" */;
			buildPhases = (
				65B3A8B81FD99FF100C354FA /* Sources */,
				65B3A8B91FD99FF100C354FA /* Frameworks */,
				65B3A8BA1FD99FF100C354FA /* Resources */,
			);
			buildRules = (
			);
			dependencies = (
				65B3A8BE1FD99FF100C354FA /* PBXTargetDependency */,
			);
			name = GitHubTestTests;
			productName = GitHubTestTests;
			productReference = 65B3A8BC1FD99FF100C354FA /* GitHubTestTests.xctest */;
			productType = "com.apple.product-type.bundle.unit-test";
		};
		65B3A8C61FD99FF100C354FA /* GitHubTestUITests */ = {
			isa = PBXNativeTarget;
			buildConfigurationList = 65B3A8D61FD99FF100C354FA /* Build configuration list for PBXNativeTarget "GitHubTestUITests" */;
			buildPhases = (
				65B3A8C31FD99FF100C354FA /* Sources */,
				65B3A8C41FD99FF100C354FA /* Frameworks */,
				65B3A8C51FD99FF100C354FA /* Resources */,
			);
			buildRules = (
			);
			dependencies = (
				65B3A8C91FD99FF100C354FA /* PBXTargetDependency */,
			);
			name = GitHubTestUITests;
			productName = GitHubTestUITests;
			productReference = 65B3A8C71FD99FF100C354FA /* GitHubTestUITests.xctest */;
			productType = "com.apple.product-type.bundle.ui-testing";
		};
/* End PBXNativeTarget section */

/* Begin PBXProject section */
		65B3A8A01FD99FF100C354FA /* Project object */ = {
			isa = PBXProject;
			attributes = {
				LastSwiftUpdateCheck = 0910;
				LastUpgradeCheck = 0910;
				ORGANIZATIONNAME = "Andrea Franzone";
				TargetAttributes = {
					65B3A8A71FD99FF100C354FA = {
						CreatedOnToolsVersion = 9.1;
						ProvisioningStyle = Automatic;
					};
					65B3A8BB1FD99FF100C354FA = {
						CreatedOnToolsVersion = 9.1;
						ProvisioningStyle = Automatic;
						TestTargetID = 65B3A8A71FD99FF100C354FA;
					};
					65B3A8C61FD99FF100C354FA = {
						CreatedOnToolsVersion = 9.1;
						ProvisioningStyle = Automatic;
						TestTargetID = 65B3A8A71FD99FF100C354FA;
					};
				};
			};
			buildConfigurationList = 65B3A8A31FD99FF100C354FA /* Build configuration list for PBXProject "GitHubTest" */;
			compatibilityVersion = "Xcode 8.0";
			developmentRegion = en;
			hasScannedForEncodings = 0;
			knownRegions = (
				en,
				Base,
			);
			mainGroup = 65B3A89F1FD99FF100C354FA;
			productRefGroup = 65B3A8A91FD99FF100C354FA /* Products */;
			projectDirPath = "";
			projectRoot = "";
			targets = (
				65B3A8A71FD99FF100C354FA /* GitHubTest */,
				65B3A8BB1FD99FF100C354FA /* GitHubTestTests */,
				65B3A8C61FD99FF100C354FA /* GitHubTestUITests */,
			);
		};
/* End PBXProject section */

/* Begin PBXResourcesBuildPhase section */
		65B3A8A61FD99FF100C354FA /* Resources */ = {
			isa = PBXResourcesBuildPhase;
			buildActionMask = 2147483647;
			files = (
				65B3A8B61FD99FF100C354FA /* LaunchScreen.storyboard in Resources */,
				65B3A8B31FD99FF100C354FA /* Assets.xcassets in Resources */,
				65B3A8B11FD99FF100C354FA /* Main.storyboard in Resources */,
			);
			runOnlyForDeploymentPostprocessing = 0;
		};
		65B3A8BA1FD99FF100C354FA /* Resources */ = {
			isa = PBXResourcesBuildPhase;
			buildActionMask = 2147483647;
			files = (
			);
			runOnlyForDeploymentPostprocessing = 0;
		};
		65B3A8C51FD99FF100C354FA /* Resources */ = {
			isa = PBXResourcesBuildPhase;
			buildActionMask = 2147483647;
			files = (
			);
			runOnlyForDeploymentPostprocessing = 0;
		};
/* End PBXResourcesBuildPhase section */

/* Begin PBXSourcesBuildPhase section */
		65B3A8A41FD99FF100C354FA /* Sources */ = {
			isa = PBXSourcesBuildPhase;
			buildActionMask = 2147483647;
			files = (
				65B3A8AE1FD99FF100C354FA /* ViewController.swift in Sources */,
				65B3A8AC1FD99FF100C354FA /* AppDelegate.swift in Sources */,
			);
			runOnlyForDeploymentPostprocessing = 0;
		};
		65B3A8B81FD99FF100C354FA /* Sources */ = {
			isa = PBXSourcesBuildPhase;
			buildActionMask = 2147483647;
			files = (
				65B3A8C11FD99FF100C354FA /* GitHubTestTests.swift in Sources */,
			);
			runOnlyForDeploymentPostprocessing = 0;
		};
		65B3A8C31FD99FF100C354FA /* Sources */ = {
			isa = PBXSourcesBuildPhase;
			buildActionMask = 2147483647;
			files = (
				65B3A8CC1FD99FF100C354FA /* GitHubTestUITests.swift in Sources */,
			);
			runOnlyForDeploymentPostprocessing = 0;
		};
/* End PBXSourcesBuildPhase section */

/* Begin PBXTargetDependency section */
		65B3A8BE1FD99FF100C354FA /* PBXTargetDependency */ = {
			isa = PBXTargetDependency;
			target = 65B3A8A71FD99FF100C354FA /* GitHubTest */;
			targetProxy = 65B3A8BD1FD99FF100C354FA /* PBXContainerItemProxy */;
		};
		65B3A8C91FD99FF100C354FA /* PBXTargetDependency */ = {
			isa = PBXTargetDependency;
			target = 65B3A8A71FD99FF100C354FA /* GitHubTest */;
			targetProxy = 65B3A8C81FD99FF100C354FA /* PBXContainerItemProxy */;
		};
/* End PBXTargetDependency section */

/* Begin PBXVariantGroup section */
		65B3A8AF1FD99FF100C354FA /* Main.storyboard */ = {
			isa = PBXVariantGroup;
			children = (
				65B3A8B01FD99FF100C354FA /* Base */,
			);
			name = Main.storyboard;
			sourceTree = "<group>";
		};
		65B3A8B41FD99FF100C354FA /* LaunchScreen.storyboard */ = {
			isa = PBXVariantGroup;
			children = (
				65B3A8B51FD99FF100C354FA /* Base */,
			);
			name = LaunchScreen.storyboard;
			sourceTree = "<group>";
		};
/* End PBXVariantGroup section */

/* Begin XCBuildConfiguration section */
		65B3A8CE1FD99FF100C354FA /* Debug */ = {
			isa = XCBuildConfiguration;
			buildSettings = {
				ALWAYS_SEARCH_USER_PATHS = NO;
				CLANG_ANALYZER_NONNULL = YES;
				CLANG_ANALYZER_NUMBER_OBJECT_CONVERSION = YES_AGGRESSIVE;
				CLANG_CXX_LANGUAGE_STANDARD = "gnu++14";
				CLANG_CXX_LIBRARY = "libc++";
				CLANG_ENABLE_MODULES = YES;
				CLANG_ENABLE_OBJC_ARC = YES;
				CLANG_WARN_BLOCK_CAPTURE_AUTORELEASING = YES;
				CLANG_WARN_BOOL_CONVERSION = YES;
				CLANG_WARN_COMMA = YES;
				CLANG_WARN_CONSTANT_CONVERSION = YES;
				CLANG_WARN_DIRECT_OBJC_ISA_USAGE = YES_ERROR;
				CLANG_WARN_DOCUMENTATION_COMMENTS = YES;
				CLANG_WARN_EMPTY_BODY = YES;
				CLANG_WARN_ENUM_CONVERSION = YES;
				CLANG_WARN_INFINITE_RECURSION = YES;
				CLANG_WARN_INT_CONVERSION = YES;
				CLANG_WARN_NON_LITERAL_NULL_CONVERSION = YES;
				CLANG_WARN_OBJC_LITERAL_CONVERSION = YES;
				CLANG_WARN_OBJC_ROOT_CLASS = YES_ERROR;
				CLANG_WARN_RANGE_LOOP_ANALYSIS = YES;
				CLANG_WARN_STRICT_PROTOTYPES = YES;
				CLANG_WARN_SUSPICIOUS_MOVE = YES;
				CLANG_WARN_UNGUARDED_AVAILABILITY = YES_AGGRESSIVE;
				CLANG_WARN_UNREACHABLE_CODE = YES;
				CLANG_WARN__DUPLICATE_METHOD_MATCH = YES;
				CODE_SIGN_IDENTITY = "iPhone Developer";
				COPY_PHASE_STRIP = NO;
				DEBUG_INFORMATION_FORMAT = dwarf;
				ENABLE_STRICT_OBJC_MSGSEND = YES;
				ENABLE_TESTABILITY = YES;
				GCC_C_LANGUAGE_STANDARD = gnu11;
				GCC_DYNAMIC_NO_PIC = NO;
				GCC_NO_COMMON_BLOCKS = YES;
				GCC_OPTIMIZATION_LEVEL = 0;
				GCC_PREPROCESSOR_DEFINITIONS = (
					"DEBUG=1",
					"$(inherited)",
				);
				GCC_WARN_64_TO_32_BIT_CONVERSION = YES;
				GCC_WARN_ABOUT_RETURN_TYPE = YES_ERROR;
				GCC_WARN_UNDECLARED_SELECTOR = YES;
				GCC_WARN_UNINITIALIZED_AUTOS = YES_AGGRESSIVE;
				GCC_WARN_UNUSED_FUNCTION = YES;
				GCC_WARN_UNUSED_VARIABLE = YES;
				IPHONEOS_DEPLOYMENT_TARGET = 11.1;
				MTL_ENABLE_DEBUG_INFO = YES;
				ONLY_ACTIVE_ARCH = YES;
				SDKROOT = iphoneos;
				SWIFT_ACTIVE_COMPILATION_CONDITIONS = DEBUG;
				SWIFT_OPTIMIZATION_LEVEL = "-Onone";
			};
			name = Debug;
		};
		65B3A8CF1FD99FF100C354FA /* Release */ = {
			isa = XCBuildConfiguration;
			buildSettings = {
				ALWAYS_SEARCH_USER_PATHS = NO;
				CLANG_ANALYZER_NONNULL = YES;
				CLANG_ANALYZER_NUMBER_OBJECT_CONVERSION = YES_AGGRESSIVE;
				CLANG_CXX_LANGUAGE_STANDARD = "gnu++14";
				CLANG_CXX_LIBRARY = "libc++";
				CLANG_ENABLE_MODULES = YES;
				CLANG_ENABLE_OBJC_ARC = YES;
				CLANG_WARN_BLOCK_CAPTURE_AUTORELEASING = YES;
				CLANG_WARN_BOOL_CONVERSION = YES;
				CLANG_WARN_COMMA = YES;
				CLANG_WARN_CONSTANT_CONVERSION = YES;
				CLANG_WARN_DIRECT_OBJC_ISA_USAGE = YES_ERROR;
				CLANG_WARN_DOCUMENTATION_COMMENTS = YES;
				CLANG_WARN_EMPTY_BODY = YES;
				CLANG_WARN_ENUM_CONVERSION = YES;
				CLANG_WARN_INFINITE_RECURSION = YES;
				CLANG_WARN_INT_CONVERSION = YES;
				CLANG_WARN_NON_LITERAL_NULL_CONVERSION = YES;
				CLANG_WARN_OBJC_LITERAL_CONVERSION = YES;
				CLANG_WARN_OBJC_ROOT_CLASS = YES_ERROR;
				CLANG_WARN_RANGE_LOOP_ANALYSIS = YES;
				CLANG_WARN_STRICT_PROTOTYPES = YES;
				CLANG_WARN_SUSPICIOUS_MOVE = YES;
				CLANG_WARN_UNGUARDED_AVAILABILITY = YES_AGGRESSIVE;
				CLANG_WARN_UNREACHABLE_CODE = YES;
				CLANG_WARN__DUPLICATE_METHOD_MATCH = YES;
				CODE_SIGN_IDENTITY = "iPhone Developer";
				COPY_PHASE_STRIP = NO;
				DEBUG_INFORMATION_FORMAT = "dwarf-with-dsym";
				ENABLE_NS_ASSERTIONS = NO;
				ENABLE_STRICT_OBJC_MSGSEND = YES;
				GCC_C_LANGUAGE_STANDARD = gnu11;
				GCC_NO_COMMON_BLOCKS = YES;
				GCC_WARN_64_TO_32_BIT_CONVERSION = YES;
				GCC_WARN_ABOUT_RETURN_TYPE = YES_ERROR;
				GCC_WARN_UNDECLARED_SELECTOR = YES;
				GCC_WARN_UNINITIALIZED_AUTOS = YES_AGGRESSIVE;
				GCC_WARN_UNUSED_FUNCTION = YES;
				GCC_WARN_UNUSED_VARIABLE = YES;
				IPHONEOS_DEPLOYMENT_TARGET = 11.1;
				MTL_ENABLE_DEBUG_INFO = NO;
				SDKROOT = iphoneos;
				SWIFT_OPTIMIZATION_LEVEL = "-Owholemodule";
				VALIDATE_PRODUCT = YES;
			};
			name = Release;
		};
		65B3A8D11FD99FF100C354FA /* Debug */ = {
			isa = XCBuildConfiguration;
			buildSettings = {
				ASSETCATALOG_COMPILER_APPICON_NAME = AppIcon;
				CODE_SIGN_STYLE = Automatic;
				DEVELOPMENT_TEAM = NP6D357XQ3;
				INFOPLIST_FILE = GitHubTest/Info.plist;
				LD_RUNPATH_SEARCH_PATHS = "$(inherited) @executable_path/Frameworks";
				PRODUCT_BUNDLE_IDENTIFIER = com.exemple.GitHubTest;
				PRODUCT_NAME = "$(TARGET_NAME)";
				SWIFT_VERSION = 4.0;
				TARGETED_DEVICE_FAMILY = "1,2";
			};
			name = Debug;
		};
		65B3A8D21FD99FF100C354FA /* Release */ = {
			isa = XCBuildConfiguration;
			buildSettings = {
				ASSETCATALOG_COMPILER_APPICON_NAME = AppIcon;
				CODE_SIGN_STYLE = Automatic;
				DEVELOPMENT_TEAM = NP6D357XQ3;
				INFOPLIST_FILE = GitHubTest/Info.plist;
				LD_RUNPATH_SEARCH_PATHS = "$(inherited) @executable_path/Frameworks";
				PRODUCT_BUNDLE_IDENTIFIER = com.exemple.GitHubTest;
				PRODUCT_NAME = "$(TARGET_NAME)";
				SWIFT_VERSION = 4.0;
				TARGETED_DEVICE_FAMILY = "1,2";
			};
			name = Release;
		};
		65B3A8D41FD99FF100C354FA /* Debug */ = {
			isa = XCBuildConfiguration;
			buildSettings = {
				ALWAYS_EMBED_SWIFT_STANDARD_LIBRARIES = YES;
				BUNDLE_LOADER = "$(TEST_HOST)";
				CODE_SIGN_STYLE = Automatic;
				DEVELOPMENT_TEAM = NP6D357XQ3;
				INFOPLIST_FILE = GitHubTestTests/Info.plist;
				LD_RUNPATH_SEARCH_PATHS = "$(inherited) @executable_path/Frameworks @loader_path/Frameworks";
				PRODUCT_BUNDLE_IDENTIFIER = com.exemple.GitHubTestTests;
				PRODUCT_NAME = "$(TARGET_NAME)";
				SWIFT_VERSION = 4.0;
				TARGETED_DEVICE_FAMILY = "1,2";
				TEST_HOST = "$(BUILT_PRODUCTS_DIR)/GitHubTest.app/GitHubTest";
			};
			name = Debug;
		};
		65B3A8D51FD99FF100C354FA /* Release */ = {
			isa = XCBuildConfiguration;
			buildSettings = {
				ALWAYS_EMBED_SWIFT_STANDARD_LIBRARIES = YES;
				BUNDLE_LOADER = "$(TEST_HOST)";
				CODE_SIGN_STYLE = Automatic;
				DEVELOPMENT_TEAM = NP6D357XQ3;
				INFOPLIST_FILE = GitHubTestTests/Info.plist;
				LD_RUNPATH_SEARCH_PATHS = "$(inherited) @executable_path/Frameworks @loader_path/Frameworks";
				PRODUCT_BUNDLE_IDENTIFIER = com.exemple.GitHubTestTests;
				PRODUCT_NAME = "$(TARGET_NAME)";
				SWIFT_VERSION = 4.0;
				TARGETED_DEVICE_FAMILY = "1,2";
				TEST_HOST = "$(BUILT_PRODUCTS_DIR)/GitHubTest.app/GitHubTest";
			};
			name = Release;
		};
		65B3A8D71FD99FF100C354FA /* Debug */ = {
			isa = XCBuildConfiguration;
			buildSettings = {
				ALWAYS_EMBED_SWIFT_STANDARD_LIBRARIES = YES;
				CODE_SIGN_STYLE = Automatic;
				DEVELOPMENT_TEAM = NP6D357XQ3;
				INFOPLIST_FILE = GitHubTestUITests/Info.plist;
				LD_RUNPATH_SEARCH_PATHS = "$(inherited) @executable_path/Frameworks @loader_path/Frameworks";
				PRODUCT_BUNDLE_IDENTIFIER = com.exemple.GitHubTestUITests;
				PRODUCT_NAME = "$(TARGET_NAME)";
				SWIFT_VERSION = 4.0;
				TARGETED_DEVICE_FAMILY = "1,2";
				TEST_TARGET_NAME = GitHubTest;
			};
			name = Debug;
		};
		65B3A8D81FD99FF100C354FA /* Release */ = {
			isa = XCBuildConfiguration;
			buildSettings = {
				ALWAYS_EMBED_SWIFT_STANDARD_LIBRARIES = YES;
				CODE_SIGN_STYLE = Automatic;
				DEVELOPMENT_TEAM = NP6D357XQ3;
				INFOPLIST_FILE = GitHubTestUITests/Info.plist;
				LD_RUNPATH_SEARCH_PATHS = "$(inherited) @executable_path/Frameworks @loader_path/Frameworks";
				PRODUCT_BUNDLE_IDENTIFIER = com.exemple.GitHubTestUITests;
				PRODUCT_NAME = "$(TARGET_NAME)";
				SWIFT_VERSION = 4.0;
				TARGETED_DEVICE_FAMILY = "1,2";
				TEST_TARGET_NAME = GitHubTest;
			};
			name = Release;
		};
/* End XCBuildConfiguration section */

/* Begin XCConfigurationList section */
		65B3A8A31FD99FF100C354FA /* Build configuration list for PBXProject "GitHubTest" */ = {
			isa = XCConfigurationList;
			buildConfigurations = (
				65B3A8CE1FD99FF100C354FA /* Debug */,
				65B3A8CF1FD99FF100C354FA /* Release */,
			);
			defaultConfigurationIsVisible = 0;
			defaultConfigurationName = Release;
		};
		65B3A8D01FD99FF100C354FA /* Build configuration list for PBXNativeTarget "GitHubTest" */ = {
			isa = XCConfigurationList;
			buildConfigurations = (
				65B3A8D11FD99FF100C354FA /* Debug */,
				65B3A8D21FD99FF100C354FA /* Release */,
			);
			defaultConfigurationIsVisible = 0;
			defaultConfigurationName = Release;
		};
		65B3A8D31FD99FF100C354FA /* Build configuration list for PBXNativeTarget "GitHubTestTests" */ = {
			isa = XCConfigurationList;
			buildConfigurations = (
				65B3A8D41FD99FF100C354FA /* Debug */,
				65B3A8D51FD99FF100C354FA /* Release */,
			);
			defaultConfigurationIsVisible = 0;
			defaultConfigurationName = Release;
		};
		65B3A8D61FD99FF100C354FA /* Build configuration list for PBXNativeTarget "GitHubTestUITests" */ = {
			isa = XCConfigurationList;
			buildConfigurations = (
				65B3A8D71FD99FF100C354FA /* Debug */,
				65B3A8D81FD99FF100C354FA /* Release */,
			);
			defaultConfigurationIsVisible = 0;
			defaultConfigurationName = Release;
		};
/* End XCConfigurationList section */
	};
	rootObject = 65B3A8A01FD99FF100C354FA /* Project object */;
}
